// !$*UTF8*$!
{
	archiveVersion = 1;
	classes = {
	};
	objectVersion = 46;
	objects = {

/* Begin PBXBuildFile section */
		317BBDED1A02D7F900E50696 /* main.m in Sources */ = {isa = PBXBuildFile; fileRef = 317BBDEC1A02D7F900E50696 /* main.m */; };
		317BBDF01A02D7F900E50696 /* AppDelegate.m in Sources */ = {isa = PBXBuildFile; fileRef = 317BBDEF1A02D7F900E50696 /* AppDelegate.m */; };
		317BBDF61A02D7F900E50696 /* Main.storyboard in Resources */ = {isa = PBXBuildFile; fileRef = 317BBDF41A02D7F900E50696 /* Main.storyboard */; };
		317BBDF81A02D7F900E50696 /* Images.xcassets in Resources */ = {isa = PBXBuildFile; fileRef = 317BBDF71A02D7F900E50696 /* Images.xcassets */; };
		317BBDFB1A02D7F900E50696 /* LaunchScreen.xib in Resources */ = {isa = PBXBuildFile; fileRef = 317BBDF91A02D7F900E50696 /* LaunchScreen.xib */; };
		31DBF9191A04771C00054BFE /* Product.m in Sources */ = {isa = PBXBuildFile; fileRef = 31DBF9121A04771C00054BFE /* Product.m */; };
		31DBF91A1A04771C00054BFE /* State.m in Sources */ = {isa = PBXBuildFile; fileRef = 31DBF9141A04771C00054BFE /* State.m */; };
		31DBF91B1A04771C00054BFE /* Store.m in Sources */ = {isa = PBXBuildFile; fileRef = 31DBF9161A04771C00054BFE /* Store.m */; };
		31DBF91C1A04771C00054BFE /* Transaction.m in Sources */ = {isa = PBXBuildFile; fileRef = 31DBF9181A04771C00054BFE /* Transaction.m */; };
		31DBF9211A0477B500054BFE /* CashRegister.m in Sources */ = {isa = PBXBuildFile; fileRef = 31DBF91E1A0477B500054BFE /* CashRegister.m */; };
		31DBF9221A0477B500054BFE /* RetailerCustomization.m in Sources */ = {isa = PBXBuildFile; fileRef = 31DBF9201A0477B500054BFE /* RetailerCustomization.m */; };
/* End PBXBuildFile section */

/* Begin PBXContainerItemProxy section */
		317BBE011A02D7F900E50696 /* PBXContainerItemProxy */ = {
			isa = PBXContainerItemProxy;
			containerPortal = 317BBDDF1A02D7F900E50696 /* Project object */;
			proxyType = 1;
			remoteGlobalIDString = 317BBDE61A02D7F900E50696;
			remoteInfo = CashMoneyBlocks;
		};
/* End PBXContainerItemProxy section */

/* Begin PBXFileReference section */
		317BBDE71A02D7F900E50696 /* CashMoneyBlocks.app */ = {isa = PBXFileReference; explicitFileType = wrapper.application; includeInIndex = 0; path = CashMoneyBlocks.app; sourceTree = BUILT_PRODUCTS_DIR; };
		317BBDEB1A02D7F900E50696 /* Info.plist */ = {isa = PBXFileReference; lastKnownFileType = text.plist.xml; path = Info.plist; sourceTree = "<group>"; };
		317BBDEC1A02D7F900E50696 /* main.m */ = {isa = PBXFileReference; lastKnownFileType = sourcecode.c.objc; path = main.m; sourceTree = "<group>"; };
		317BBDEE1A02D7F900E50696 /* AppDelegate.h */ = {isa = PBXFileReference; lastKnownFileType = sourcecode.c.h; path = AppDelegate.h; sourceTree = "<group>"; };
		317BBDEF1A02D7F900E50696 /* AppDelegate.m */ = {isa = PBXFileReference; lastKnownFileType = sourcecode.c.objc; path = AppDelegate.m; sourceTree = "<group>"; };
		317BBDF51A02D7F900E50696 /* Base */ = {isa = PBXFileReference; lastKnownFileType = file.storyboard; name = Base; path = Base.lproj/Main.storyboard; sourceTree = "<group>"; };
		317BBDF71A02D7F900E50696 /* Images.xcassets */ = {isa = PBXFileReference; lastKnownFileType = folder.assetcatalog; path = Images.xcassets; sourceTree = "<group>"; };
		317BBDFA1A02D7F900E50696 /* Base */ = {isa = PBXFileReference; lastKnownFileType = file.xib; name = Base; path = Base.lproj/LaunchScreen.xib; sourceTree = "<group>"; };
		317BBE001A02D7F900E50696 /* CashMoneyBlocksTests.xctest */ = {isa = PBXFileReference; explicitFileType = wrapper.cfbundle; includeInIndex = 0; path = CashMoneyBlocksTests.xctest; sourceTree = BUILT_PRODUCTS_DIR; };
		317BBE051A02D7F900E50696 /* Info.plist */ = {isa = PBXFileReference; lastKnownFileType = text.plist.xml; path = Info.plist; sourceTree = "<group>"; };
		31DBF9111A04771C00054BFE /* Product.h */ = {isa = PBXFileReference; fileEncoding = 4; lastKnownFileType = sourcecode.c.h; path = Product.h; sourceTree = "<group>"; };
		31DBF9121A04771C00054BFE /* Product.m */ = {isa = PBXFileReference; fileEncoding = 4; lastKnownFileType = sourcecode.c.objc; path = Product.m; sourceTree = "<group>"; };
		31DBF9131A04771C00054BFE /* State.h */ = {isa = PBXFileReference; fileEncoding = 4; lastKnownFileType = sourcecode.c.h; path = State.h; sourceTree = "<group>"; };
		31DBF9141A04771C00054BFE /* State.m */ = {isa = PBXFileReference; fileEncoding = 4; lastKnownFileType = sourcecode.c.objc; path = State.m; sourceTree = "<group>"; };
		31DBF9151A04771C00054BFE /* Store.h */ = {isa = PBXFileReference; fileEncoding = 4; lastKnownFileType = sourcecode.c.h; path = Store.h; sourceTree = "<group>"; };
		31DBF9161A04771C00054BFE /* Store.m */ = {isa = PBXFileReference; fileEncoding = 4; lastKnownFileType = sourcecode.c.objc; path = Store.m; sourceTree = "<group>"; };
		31DBF9171A04771C00054BFE /* Transaction.h */ = {isa = PBXFileReference; fileEncoding = 4; lastKnownFileType = sourcecode.c.h; path = Transaction.h; sourceTree = "<group>"; };
		31DBF9181A04771C00054BFE /* Transaction.m */ = {isa = PBXFileReference; fileEncoding = 4; lastKnownFileType = sourcecode.c.objc; path = Transaction.m; sourceTree = "<group>"; };
		31DBF91D1A0477B500054BFE /* CashRegister.h */ = {isa = PBXFileReference; fileEncoding = 4; lastKnownFileType = sourcecode.c.h; path = CashRegister.h; sourceTree = "<group>"; };
		31DBF91E1A0477B500054BFE /* CashRegister.m */ = {isa = PBXFileReference; fileEncoding = 4; lastKnownFileType = sourcecode.c.objc; path = CashRegister.m; sourceTree = "<group>"; };
		31DBF91F1A0477B500054BFE /* RetailerCustomization.h */ = {isa = PBXFileReference; fileEncoding = 4; lastKnownFileType = sourcecode.c.h; path = RetailerCustomization.h; sourceTree = "<group>"; };
		31DBF9201A0477B500054BFE /* RetailerCustomization.m */ = {isa = PBXFileReference; fileEncoding = 4; lastKnownFileType = sourcecode.c.objc; path = RetailerCustomization.m; sourceTree = "<group>"; };
/* End PBXFileReference section */

/* Begin PBXFrameworksBuildPhase section */
		317BBDE41A02D7F900E50696 /* Frameworks */ = {
			isa = PBXFrameworksBuildPhase;
			buildActionMask = 2147483647;
			files = (
			);
			runOnlyForDeploymentPostprocessing = 0;
		};
		317BBDFD1A02D7F900E50696 /* Frameworks */ = {
			isa = PBXFrameworksBuildPhase;
			buildActionMask = 2147483647;
			files = (
			);
			runOnlyForDeploymentPostprocessing = 0;
		};
/* End PBXFrameworksBuildPhase section */

/* Begin PBXGroup section */
		317BBDDE1A02D7F900E50696 = {
			isa = PBXGroup;
			children = (
				317BBDE91A02D7F900E50696 /* CashMoneyBlocks */,
				317BBE031A02D7F900E50696 /* CashMoneyBlocksTests */,
				317BBDE81A02D7F900E50696 /* Products */,
			);
			sourceTree = "<group>";
		};
		317BBDE81A02D7F900E50696 /* Products */ = {
			isa = PBXGroup;
			children = (
				317BBDE71A02D7F900E50696 /* CashMoneyBlocks.app */,
				317BBE001A02D7F900E50696 /* CashMoneyBlocksTests.xctest */,
			);
			name = Products;
			sourceTree = "<group>";
		};
		317BBDE91A02D7F900E50696 /* CashMoneyBlocks */ = {
			isa = PBXGroup;
			children = (
				31DBF91D1A0477B500054BFE /* CashRegister.h */,
				31DBF91E1A0477B500054BFE /* CashRegister.m */,
				31DBF91F1A0477B500054BFE /* RetailerCustomization.h */,
				31DBF9201A0477B500054BFE /* RetailerCustomization.m */,
				317BBDEE1A02D7F900E50696 /* AppDelegate.h */,
				317BBDEF1A02D7F900E50696 /* AppDelegate.m */,
				31DBF9111A04771C00054BFE /* Product.h */,
				31DBF9121A04771C00054BFE /* Product.m */,
				31DBF9131A04771C00054BFE /* State.h */,
				31DBF9141A04771C00054BFE /* State.m */,
				31DBF9151A04771C00054BFE /* Store.h */,
				31DBF9161A04771C00054BFE /* Store.m */,
				31DBF9171A04771C00054BFE /* Transaction.h */,
				31DBF9181A04771C00054BFE /* Transaction.m */,
				317BBDF41A02D7F900E50696 /* Main.storyboard */,
				317BBDF71A02D7F900E50696 /* Images.xcassets */,
				317BBDF91A02D7F900E50696 /* LaunchScreen.xib */,
				317BBDEA1A02D7F900E50696 /* Supporting Files */,
			);
			path = CashMoneyBlocks;
			sourceTree = "<group>";
		};
		317BBDEA1A02D7F900E50696 /* Supporting Files */ = {
			isa = PBXGroup;
			children = (
				317BBDEB1A02D7F900E50696 /* Info.plist */,
				317BBDEC1A02D7F900E50696 /* main.m */,
			);
			name = "Supporting Files";
			sourceTree = "<group>";
		};
		317BBE031A02D7F900E50696 /* CashMoneyBlocksTests */ = {
			isa = PBXGroup;
			children = (
				317BBE041A02D7F900E50696 /* Supporting Files */,
			);
			path = CashMoneyBlocksTests;
			sourceTree = "<group>";
		};
		317BBE041A02D7F900E50696 /* Supporting Files */ = {
			isa = PBXGroup;
			children = (
				317BBE051A02D7F900E50696 /* Info.plist */,
			);
			name = "Supporting Files";
			sourceTree = "<group>";
		};
/* End PBXGroup section */

/* Begin PBXNativeTarget section */
		317BBDE61A02D7F900E50696 /* CashMoneyBlocks */ = {
			isa = PBXNativeTarget;
			buildConfigurationList = 317BBE0A1A02D7F900E50696 /* Build configuration list for PBXNativeTarget "CashMoneyBlocks" */;
			buildPhases = (
				317BBDE31A02D7F900E50696 /* Sources */,
				317BBDE41A02D7F900E50696 /* Frameworks */,
				317BBDE51A02D7F900E50696 /* Resources */,
			);
			buildRules = (
			);
			dependencies = (
			);
			name = CashMoneyBlocks;
			productName = CashMoneyBlocks;
			productReference = 317BBDE71A02D7F900E50696 /* CashMoneyBlocks.app */;
			productType = "com.apple.product-type.application";
		};
		317BBDFF1A02D7F900E50696 /* CashMoneyBlocksTests */ = {
			isa = PBXNativeTarget;
			buildConfigurationList = 317BBE0D1A02D7F900E50696 /* Build configuration list for PBXNativeTarget "CashMoneyBlocksTests" */;
			buildPhases = (
				317BBDFC1A02D7F900E50696 /* Sources */,
				317BBDFD1A02D7F900E50696 /* Frameworks */,
				317BBDFE1A02D7F900E50696 /* Resources */,
			);
			buildRules = (
			);
			dependencies = (
				317BBE021A02D7F900E50696 /* PBXTargetDependency */,
			);
			name = CashMoneyBlocksTests;
			productName = CashMoneyBlocksTests;
			productReference = 317BBE001A02D7F900E50696 /* CashMoneyBlocksTests.xctest */;
			productType = "com.apple.product-type.bundle.unit-test";
		};
/* End PBXNativeTarget section */

/* Begin PBXProject section */
		317BBDDF1A02D7F900E50696 /* Project object */ = {
			isa = PBXProject;
			attributes = {
				LastUpgradeCheck = 0600;
				ORGANIZATIONNAME = "Zachary Drossman";
				TargetAttributes = {
					317BBDE61A02D7F900E50696 = {
						CreatedOnToolsVersion = 6.0.1;
					};
					317BBDFF1A02D7F900E50696 = {
						CreatedOnToolsVersion = 6.0.1;
						TestTargetID = 317BBDE61A02D7F900E50696;
					};
				};
			};
			buildConfigurationList = 317BBDE21A02D7F900E50696 /* Build configuration list for PBXProject "CashMoneyBlocks" */;
			compatibilityVersion = "Xcode 3.2";
			developmentRegion = English;
			hasScannedForEncodings = 0;
			knownRegions = (
				en,
				Base,
			);
			mainGroup = 317BBDDE1A02D7F900E50696;
			productRefGroup = 317BBDE81A02D7F900E50696 /* Products */;
			projectDirPath = "";
			projectRoot = "";
			targets = (
				317BBDE61A02D7F900E50696 /* CashMoneyBlocks */,
				317BBDFF1A02D7F900E50696 /* CashMoneyBlocksTests */,
			);
		};
/* End PBXProject section */

/* Begin PBXResourcesBuildPhase section */
		317BBDE51A02D7F900E50696 /* Resources */ = {
			isa = PBXResourcesBuildPhase;
			buildActionMask = 2147483647;
			files = (
				317BBDF61A02D7F900E50696 /* Main.storyboard in Resources */,
				317BBDFB1A02D7F900E50696 /* LaunchScreen.xib in Resources */,
				317BBDF81A02D7F900E50696 /* Images.xcassets in Resources */,
			);
			runOnlyForDeploymentPostprocessing = 0;
		};
		317BBDFE1A02D7F900E50696 /* Resources */ = {
			isa = PBXResourcesBuildPhase;
			buildActionMask = 2147483647;
			files = (
			);
			runOnlyForDeploymentPostprocessing = 0;
		};
/* End PBXResourcesBuildPhase section */

/* Begin PBXSourcesBuildPhase section */
		317BBDE31A02D7F900E50696 /* Sources */ = {
			isa = PBXSourcesBuildPhase;
			buildActionMask = 2147483647;
			files = (
				31DBF91C1A04771C00054BFE /* Transaction.m in Sources */,
				31DBF9211A0477B500054BFE /* CashRegister.m in Sources */,
				31DBF9191A04771C00054BFE /* Product.m in Sources */,
				31DBF9221A0477B500054BFE /* RetailerCustomization.m in Sources */,
				317BBDF01A02D7F900E50696 /* AppDelegate.m in Sources */,
				317BBDED1A02D7F900E50696 /* main.m in Sources */,
				31DBF91B1A04771C00054BFE /* Store.m in Sources */,
				31DBF91A1A04771C00054BFE /* State.m in Sources */,
			);
			runOnlyForDeploymentPostprocessing = 0;
		};
		317BBDFC1A02D7F900E50696 /* Sources */ = {
			isa = PBXSourcesBuildPhase;
			buildActionMask = 2147483647;
			files = (
			);
			runOnlyForDeploymentPostprocessing = 0;
		};
/* End PBXSourcesBuildPhase section */

/* Begin PBXTargetDependency section */
		317BBE021A02D7F900E50696 /* PBXTargetDependency */ = {
			isa = PBXTargetDependency;
			target = 317BBDE61A02D7F900E50696 /* CashMoneyBlocks */;
			targetProxy = 317BBE011A02D7F900E50696 /* PBXContainerItemProxy */;
		};
/* End PBXTargetDependency section */

/* Begin PBXVariantGroup section */
		317BBDF41A02D7F900E50696 /* Main.storyboard */ = {
			isa = PBXVariantGroup;
			children = (
				317BBDF51A02D7F900E50696 /* Base */,
			);
			name = Main.storyboard;
			sourceTree = "<group>";
		};
		317BBDF91A02D7F900E50696 /* LaunchScreen.xib */ = {
			isa = PBXVariantGroup;
			children = (
				317BBDFA1A02D7F900E50696 /* Base */,
			);
			name = LaunchScreen.xib;
			sourceTree = "<group>";
		};
/* End PBXVariantGroup section */

/* Begin XCBuildConfiguration section */
		317BBE081A02D7F900E50696 /* Debug */ = {
			isa = XCBuildConfiguration;
			buildSettings = {
				ALWAYS_SEARCH_USER_PATHS = NO;
				CLANG_CXX_LANGUAGE_STANDARD = "gnu++0x";
				CLANG_CXX_LIBRARY = "libc++";
				CLANG_ENABLE_MODULES = YES;
				CLANG_ENABLE_OBJC_ARC = YES;
				CLANG_WARN_BOOL_CONVERSION = YES;
				CLANG_WARN_CONSTANT_CONVERSION = YES;
				CLANG_WARN_DIRECT_OBJC_ISA_USAGE = YES_ERROR;
				CLANG_WARN_EMPTY_BODY = YES;
				CLANG_WARN_ENUM_CONVERSION = YES;
				CLANG_WARN_INT_CONVERSION = YES;
				CLANG_WARN_OBJC_ROOT_CLASS = YES_ERROR;
				CLANG_WARN_UNREACHABLE_CODE = YES;
				CLANG_WARN__DUPLICATE_METHOD_MATCH = YES;
				"CODE_SIGN_IDENTITY[sdk=iphoneos*]" = "iPhone Developer";
				COPY_PHASE_STRIP = NO;
				ENABLE_STRICT_OBJC_MSGSEND = YES;
				GCC_C_LANGUAGE_STANDARD = gnu99;
				GCC_DYNAMIC_NO_PIC = NO;
				GCC_OPTIMIZATION_LEVEL = 0;
				GCC_PREPROCESSOR_DEFINITIONS = (
					"DEBUG=1",
					"$(inherited)",
				);
				GCC_SYMBOLS_PRIVATE_EXTERN = NO;
				GCC_WARN_64_TO_32_BIT_CONVERSION = YES;
				GCC_WARN_ABOUT_RETURN_TYPE = YES_ERROR;
				GCC_WARN_UNDECLARED_SELECTOR = YES;
				GCC_WARN_UNINITIALIZED_AUTOS = YES_AGGRESSIVE;
				GCC_WARN_UNUSED_FUNCTION = YES;
				GCC_WARN_UNUSED_VARIABLE = YES;
				IPHONEOS_DEPLOYMENT_TARGET = 8.0;
				MTL_ENABLE_DEBUG_INFO = YES;
				ONLY_ACTIVE_ARCH = YES;
				SDKROOT = iphoneos;
			};
			name = Debug;
		};
		317BBE091A02D7F900E50696 /* Release */ = {
			isa = XCBuildConfiguration;
			buildSettings = {
				ALWAYS_SEARCH_USER_PATHS = NO;
				CLANG_CXX_LANGUAGE_STANDARD = "gnu++0x";
				CLANG_CXX_LIBRARY = "libc++";
				CLANG_ENABLE_MODULES = YES;
				CLANG_ENABLE_OBJC_ARC = YES;
				CLANG_WARN_BOOL_CONVERSION = YES;
				CLANG_WARN_CONSTANT_CONVERSION = YES;
				CLANG_WARN_DIRECT_OBJC_ISA_USAGE = YES_ERROR;
				CLANG_WARN_EMPTY_BODY = YES;
				CLANG_WARN_ENUM_CONVERSION = YES;
				CLANG_WARN_INT_CONVERSION = YES;
				CLANG_WARN_OBJC_ROOT_CLASS = YES_ERROR;
				CLANG_WARN_UNREACHABLE_CODE = YES;
				CLANG_WARN__DUPLICATE_METHOD_MATCH = YES;
				"CODE_SIGN_IDENTITY[sdk=iphoneos*]" = "iPhone Developer";
				COPY_PHASE_STRIP = YES;
				ENABLE_NS_ASSERTIONS = NO;
				ENABLE_STRICT_OBJC_MSGSEND = YES;
				GCC_C_LANGUAGE_STANDARD = gnu99;
				GCC_WARN_64_TO_32_BIT_CONVERSION = YES;
				GCC_WARN_ABOUT_RETURN_TYPE = YES_ERROR;
				GCC_WARN_UNDECLARED_SELECTOR = YES;
				GCC_WARN_UNINITIALIZED_AUTOS = YES_AGGRESSIVE;
				GCC_WARN_UNUSED_FUNCTION = YES;
				GCC_WARN_UNUSED_VARIABLE = YES;
				IPHONEOS_DEPLOYMENT_TARGET = 8.0;
				MTL_ENABLE_DEBUG_INFO = NO;
				SDKROOT = iphoneos;
				VALIDATE_PRODUCT = YES;
			};
			name = Release;
		};
		317BBE0B1A02D7F900E50696 /* Debug */ = {
			isa = XCBuildConfiguration;
			buildSettings = {
				ASSETCATALOG_COMPILER_APPICON_NAME = AppIcon;
				INFOPLIST_FILE = CashMoneyBlocks/Info.plist;
				LD_RUNPATH_SEARCH_PATHS = "$(inherited) @executable_path/Frameworks";
				PRODUCT_NAME = "$(TARGET_NAME)";
			};
			name = Debug;
		};
		317BBE0C1A02D7F900E50696 /* Release */ = {
			isa = XCBuildConfiguration;
			buildSettings = {
				ASSETCATALOG_COMPILER_APPICON_NAME = AppIcon;
				INFOPLIST_FILE = CashMoneyBlocks/Info.plist;
				LD_RUNPATH_SEARCH_PATHS = "$(inherited) @executable_path/Frameworks";
				PRODUCT_NAME = "$(TARGET_NAME)";
			};
			name = Release;
		};
		317BBE0E1A02D7F900E50696 /* Debug */ = {
			isa = XCBuildConfiguration;
			buildSettings = {
				BUNDLE_LOADER = "$(TEST_HOST)";
				FRAMEWORK_SEARCH_PATHS = (
					"$(SDKROOT)/Developer/Library/Frameworks",
					"$(inherited)",
				);
				GCC_PREPROCESSOR_DEFINITIONS = (
					"DEBUG=1",
					"$(inherited)",
				);
				INFOPLIST_FILE = CashMoneyBlocksTests/Info.plist;
				LD_RUNPATH_SEARCH_PATHS = "$(inherited) @executable_path/Frameworks @loader_path/Frameworks";
				PRODUCT_NAME = "$(TARGET_NAME)";
				TEST_HOST = "$(BUILT_PRODUCTS_DIR)/CashMoneyBlocks.app/CashMoneyBlocks";
			};
			name = Debug;
		};
		317BBE0F1A02D7F900E50696 /* Release */ = {
			isa = XCBuildConfiguration;
			buildSettings = {
				BUNDLE_LOADER = "$(TEST_HOST)";
				FRAMEWORK_SEARCH_PATHS = (
					"$(SDKROOT)/Developer/Library/Frameworks",
					"$(inherited)",
				);
				INFOPLIST_FILE = CashMoneyBlocksTests/Info.plist;
				LD_RUNPATH_SEARCH_PATHS = "$(inherited) @executable_path/Frameworks @loader_path/Frameworks";
				PRODUCT_NAME = "$(TARGET_NAME)";
				TEST_HOST = "$(BUILT_PRODUCTS_DIR)/CashMoneyBlocks.app/CashMoneyBlocks";
			};
			name = Release;
		};
/* End XCBuildConfiguration section */

/* Begin XCConfigurationList section */
		317BBDE21A02D7F900E50696 /* Build configuration list for PBXProject "CashMoneyBlocks" */ = {
			isa = XCConfigurationList;
			buildConfigurations = (
				317BBE081A02D7F900E50696 /* Debug */,
				317BBE091A02D7F900E50696 /* Release */,
			);
			defaultConfigurationIsVisible = 0;
			defaultConfigurationName = Release;
		};
		317BBE0A1A02D7F900E50696 /* Build configuration list for PBXNativeTarget "CashMoneyBlocks" */ = {
			isa = XCConfigurationList;
			buildConfigurations = (
				317BBE0B1A02D7F900E50696 /* Debug */,
				317BBE0C1A02D7F900E50696 /* Release */,
			);
			defaultConfigurationIsVisible = 0;
			defaultConfigurationName = Release;
		};
		317BBE0D1A02D7F900E50696 /* Build configuration list for PBXNativeTarget "CashMoneyBlocksTests" */ = {
			isa = XCConfigurationList;
			buildConfigurations = (
				317BBE0E1A02D7F900E50696 /* Debug */,
				317BBE0F1A02D7F900E50696 /* Release */,
			);
			defaultConfigurationIsVisible = 0;
			defaultConfigurationName = Release;
		};
/* End XCConfigurationList section */
	};
	rootObject = 317BBDDF1A02D7F900E50696 /* Project object */;
}
